// !$*UTF8*$!
{
	archiveVersion = 1;
	classes = {
	};
	objectVersion = 60;
	objects = {

/* Begin PBXBuildFile section */
		3E2A51142CD8AA0200AD3CAF /* ImageQualityChecker.swift in Sources */ = {isa = PBXBuildFile; fileRef = 3E2A51132CD8A9F000AD3CAF /* ImageQualityChecker.swift */; };
		3E2E51AC2CC2265600932E7B /* CameraView.swift in Sources */ = {isa = PBXBuildFile; fileRef = 3E2E51AB2CC2265600932E7B /* CameraView.swift */; };
		3E3948D92CA5149F0068F225 /* EcoVis_Data_CollectionApp.swift in Sources */ = {isa = PBXBuildFile; fileRef = 3E3948D82CA5149F0068F225 /* EcoVis_Data_CollectionApp.swift */; };
		3E3948DB2CA5149F0068F225 /* ContentView.swift in Sources */ = {isa = PBXBuildFile; fileRef = 3E3948DA2CA5149F0068F225 /* ContentView.swift */; };
		3E3948DD2CA514A00068F225 /* Assets.xcassets in Resources */ = {isa = PBXBuildFile; fileRef = 3E3948DC2CA514A00068F225 /* Assets.xcassets */; };
		3E3948E02CA514A00068F225 /* Preview Assets.xcassets in Resources */ = {isa = PBXBuildFile; fileRef = 3E3948DF2CA514A00068F225 /* Preview Assets.xcassets */; };
		3E3948EA2CA514A00068F225 /* EcoVis_Data_CollectionTests.swift in Sources */ = {isa = PBXBuildFile; fileRef = 3E3948E92CA514A00068F225 /* EcoVis_Data_CollectionTests.swift */; };
		3E3948F42CA514A00068F225 /* EcoVis_Data_CollectionUITests.swift in Sources */ = {isa = PBXBuildFile; fileRef = 3E3948F32CA514A00068F225 /* EcoVis_Data_CollectionUITests.swift */; };
		3E3948F62CA514A00068F225 /* EcoVis_Data_CollectionUITestsLaunchTests.swift in Sources */ = {isa = PBXBuildFile; fileRef = 3E3948F52CA514A00068F225 /* EcoVis_Data_CollectionUITestsLaunchTests.swift */; };
		565F31822D2026C100EE1718 /* ImageOverlapChecker.swift in Sources */ = {isa = PBXBuildFile; fileRef = 565F317C2D20221100EE1718 /* ImageOverlapChecker.swift */; };
		565F31832D2026C100EE1718 /* ImageOverlapTest.swift in Sources */ = {isa = PBXBuildFile; fileRef = 565F317E2D20237200EE1718 /* ImageOverlapTest.swift */; };
		5F99B6F82D6E506D0002B1DB /* RegionSelectorView.swift in Sources */ = {isa = PBXBuildFile; fileRef = 5F99B6F72D6E506A0002B1DB /* RegionSelectorView.swift */; };
		5F9AC0D32DC20DE800108956 /* ModeSelectionView.swift in Sources */ = {isa = PBXBuildFile; fileRef = 5F9AC0D22DC20DE500108956 /* ModeSelectionView.swift */; };
		5F9AC0D52DC2195300108956 /* RowModeView.swift in Sources */ = {isa = PBXBuildFile; fileRef = 5F9AC0D42DC2195100108956 /* RowModeView.swift */; };
		5F9AC0D72DC2196600108956 /* SavedRowObjects.swift in Sources */ = {isa = PBXBuildFile; fileRef = 5F9AC0D62DC2195E00108956 /* SavedRowObjects.swift */; };
		5FA324DF2D801B9800159700 /* SavedImagesView.swift in Sources */ = {isa = PBXBuildFile; fileRef = 5FA324DE2D801B9400159700 /* SavedImagesView.swift */; };
		5FF242022DC767ED00835713 /* RegionEditView.swift in Sources */ = {isa = PBXBuildFile; fileRef = 5FF242012DC767EA00835713 /* RegionEditView.swift */; };
/* End PBXBuildFile section */

/* Begin PBXContainerItemProxy section */
		3E3948E62CA514A00068F225 /* PBXContainerItemProxy */ = {
			isa = PBXContainerItemProxy;
			containerPortal = 3E3948CD2CA5149F0068F225 /* Project object */;
			proxyType = 1;
			remoteGlobalIDString = 3E3948D42CA5149F0068F225;
			remoteInfo = "EcoVis Data Collection";
		};
		3E3948F02CA514A00068F225 /* PBXContainerItemProxy */ = {
			isa = PBXContainerItemProxy;
			containerPortal = 3E3948CD2CA5149F0068F225 /* Project object */;
			proxyType = 1;
			remoteGlobalIDString = 3E3948D42CA5149F0068F225;
			remoteInfo = "EcoVis Data Collection";
		};
/* End PBXContainerItemProxy section */

/* Begin PBXFileReference section */
		3E2A51122CD8A43900AD3CAF /* EcoVis-Data-Collection-Info.plist */ = {isa = PBXFileReference; lastKnownFileType = text.plist; path = "EcoVis-Data-Collection-Info.plist"; sourceTree = SOURCE_ROOT; };
		3E2A51132CD8A9F000AD3CAF /* ImageQualityChecker.swift */ = {isa = PBXFileReference; lastKnownFileType = sourcecode.swift; path = ImageQualityChecker.swift; sourceTree = "<group>"; };
		3E2E51AB2CC2265600932E7B /* CameraView.swift */ = {isa = PBXFileReference; lastKnownFileType = sourcecode.swift; path = CameraView.swift; sourceTree = "<group>"; };
		3E3948D52CA5149F0068F225 /* EcoVis Data Collection.app */ = {isa = PBXFileReference; explicitFileType = wrapper.application; includeInIndex = 0; path = "EcoVis Data Collection.app"; sourceTree = BUILT_PRODUCTS_DIR; };
		3E3948D82CA5149F0068F225 /* EcoVis_Data_CollectionApp.swift */ = {isa = PBXFileReference; lastKnownFileType = sourcecode.swift; path = EcoVis_Data_CollectionApp.swift; sourceTree = "<group>"; };
		3E3948DA2CA5149F0068F225 /* ContentView.swift */ = {isa = PBXFileReference; lastKnownFileType = sourcecode.swift; path = ContentView.swift; sourceTree = "<group>"; };
		3E3948DC2CA514A00068F225 /* Assets.xcassets */ = {isa = PBXFileReference; lastKnownFileType = folder.assetcatalog; path = Assets.xcassets; sourceTree = "<group>"; };
		3E3948DF2CA514A00068F225 /* Preview Assets.xcassets */ = {isa = PBXFileReference; lastKnownFileType = folder.assetcatalog; path = "Preview Assets.xcassets"; sourceTree = "<group>"; };
		3E3948E52CA514A00068F225 /* EcoVis Data CollectionTests.xctest */ = {isa = PBXFileReference; explicitFileType = wrapper.cfbundle; includeInIndex = 0; path = "EcoVis Data CollectionTests.xctest"; sourceTree = BUILT_PRODUCTS_DIR; };
		3E3948E92CA514A00068F225 /* EcoVis_Data_CollectionTests.swift */ = {isa = PBXFileReference; lastKnownFileType = sourcecode.swift; path = EcoVis_Data_CollectionTests.swift; sourceTree = "<group>"; };
		3E3948EF2CA514A00068F225 /* EcoVis Data CollectionUITests.xctest */ = {isa = PBXFileReference; explicitFileType = wrapper.cfbundle; includeInIndex = 0; path = "EcoVis Data CollectionUITests.xctest"; sourceTree = BUILT_PRODUCTS_DIR; };
		3E3948F32CA514A00068F225 /* EcoVis_Data_CollectionUITests.swift */ = {isa = PBXFileReference; lastKnownFileType = sourcecode.swift; path = EcoVis_Data_CollectionUITests.swift; sourceTree = "<group>"; };
		3E3948F52CA514A00068F225 /* EcoVis_Data_CollectionUITestsLaunchTests.swift */ = {isa = PBXFileReference; lastKnownFileType = sourcecode.swift; path = EcoVis_Data_CollectionUITestsLaunchTests.swift; sourceTree = "<group>"; };
		565F317C2D20221100EE1718 /* ImageOverlapChecker.swift */ = {isa = PBXFileReference; lastKnownFileType = sourcecode.swift; path = ImageOverlapChecker.swift; sourceTree = "<group>"; };
		565F317E2D20237200EE1718 /* ImageOverlapTest.swift */ = {isa = PBXFileReference; lastKnownFileType = sourcecode.swift; path = ImageOverlapTest.swift; sourceTree = "<group>"; };
		5F99B6F72D6E506A0002B1DB /* RegionSelectorView.swift */ = {isa = PBXFileReference; lastKnownFileType = sourcecode.swift; path = RegionSelectorView.swift; sourceTree = "<group>"; };
		5F9AC0D22DC20DE500108956 /* ModeSelectionView.swift */ = {isa = PBXFileReference; lastKnownFileType = sourcecode.swift; path = ModeSelectionView.swift; sourceTree = "<group>"; };
		5F9AC0D42DC2195100108956 /* RowModeView.swift */ = {isa = PBXFileReference; lastKnownFileType = sourcecode.swift; path = RowModeView.swift; sourceTree = "<group>"; };
		5F9AC0D62DC2195E00108956 /* SavedRowObjects.swift */ = {isa = PBXFileReference; lastKnownFileType = sourcecode.swift; path = SavedRowObjects.swift; sourceTree = "<group>"; };
		5FA324DE2D801B9400159700 /* SavedImagesView.swift */ = {isa = PBXFileReference; lastKnownFileType = sourcecode.swift; path = SavedImagesView.swift; sourceTree = "<group>"; };
		5FF242012DC767EA00835713 /* RegionEditView.swift */ = {isa = PBXFileReference; lastKnownFileType = sourcecode.swift; path = RegionEditView.swift; sourceTree = "<group>"; };
/* End PBXFileReference section */

/* Begin PBXFrameworksBuildPhase section */
		3E3948D22CA5149F0068F225 /* Frameworks */ = {
			isa = PBXFrameworksBuildPhase;
			buildActionMask = 2147483647;
			files = (
			);
			runOnlyForDeploymentPostprocessing = 0;
		};
		3E3948E22CA514A00068F225 /* Frameworks */ = {
			isa = PBXFrameworksBuildPhase;
			buildActionMask = 2147483647;
			files = (
			);
			runOnlyForDeploymentPostprocessing = 0;
		};
		3E3948EC2CA514A00068F225 /* Frameworks */ = {
			isa = PBXFrameworksBuildPhase;
			buildActionMask = 2147483647;
			files = (
			);
			runOnlyForDeploymentPostprocessing = 0;
		};
/* End PBXFrameworksBuildPhase section */

/* Begin PBXGroup section */
		3E3948CC2CA5149F0068F225 = {
			isa = PBXGroup;
			children = (
				3E3948D72CA5149F0068F225 /* EcoVis Data Collection */,
				3E3948E82CA514A00068F225 /* EcoVis Data CollectionTests */,
				3E3948F22CA514A00068F225 /* EcoVis Data CollectionUITests */,
				3E3948D62CA5149F0068F225 /* Products */,
			);
			sourceTree = "<group>";
		};
		3E3948D62CA5149F0068F225 /* Products */ = {
			isa = PBXGroup;
			children = (
				3E3948D52CA5149F0068F225 /* EcoVis Data Collection.app */,
				3E3948E52CA514A00068F225 /* EcoVis Data CollectionTests.xctest */,
				3E3948EF2CA514A00068F225 /* EcoVis Data CollectionUITests.xctest */,
			);
			name = Products;
			sourceTree = "<group>";
		};
		3E3948D72CA5149F0068F225 /* EcoVis Data Collection */ = {
			isa = PBXGroup;
			children = (
				5FF242012DC767EA00835713 /* RegionEditView.swift */,
				5F9AC0D62DC2195E00108956 /* SavedRowObjects.swift */,
				5F9AC0D42DC2195100108956 /* RowModeView.swift */,
				5F9AC0D22DC20DE500108956 /* ModeSelectionView.swift */,
				5FA324DE2D801B9400159700 /* SavedImagesView.swift */,
				565F317C2D20221100EE1718 /* ImageOverlapChecker.swift */,
				565F317E2D20237200EE1718 /* ImageOverlapTest.swift */,
				3E2A51122CD8A43900AD3CAF /* EcoVis-Data-Collection-Info.plist */,
				3E3948D82CA5149F0068F225 /* EcoVis_Data_CollectionApp.swift */,
				3E3948DA2CA5149F0068F225 /* ContentView.swift */,
				5F99B6F72D6E506A0002B1DB /* RegionSelectorView.swift */,
				3E2E51AB2CC2265600932E7B /* CameraView.swift */,
				3E2A51132CD8A9F000AD3CAF /* ImageQualityChecker.swift */,
				3E3948DC2CA514A00068F225 /* Assets.xcassets */,
				3E3948DE2CA514A00068F225 /* Preview Content */,
			);
			path = "EcoVis Data Collection";
			sourceTree = "<group>";
		};
		3E3948DE2CA514A00068F225 /* Preview Content */ = {
			isa = PBXGroup;
			children = (
				3E3948DF2CA514A00068F225 /* Preview Assets.xcassets */,
			);
			path = "Preview Content";
			sourceTree = "<group>";
		};
		3E3948E82CA514A00068F225 /* EcoVis Data CollectionTests */ = {
			isa = PBXGroup;
			children = (
				3E3948E92CA514A00068F225 /* EcoVis_Data_CollectionTests.swift */,
			);
			path = "EcoVis Data CollectionTests";
			sourceTree = "<group>";
		};
		3E3948F22CA514A00068F225 /* EcoVis Data CollectionUITests */ = {
			isa = PBXGroup;
			children = (
				3E3948F32CA514A00068F225 /* EcoVis_Data_CollectionUITests.swift */,
				3E3948F52CA514A00068F225 /* EcoVis_Data_CollectionUITestsLaunchTests.swift */,
			);
			path = "EcoVis Data CollectionUITests";
			sourceTree = "<group>";
		};
/* End PBXGroup section */

/* Begin PBXNativeTarget section */
		3E3948D42CA5149F0068F225 /* EcoVis Data Collection */ = {
			isa = PBXNativeTarget;
			buildConfigurationList = 3E3948F92CA514A00068F225 /* Build configuration list for PBXNativeTarget "EcoVis Data Collection" */;
			buildPhases = (
				3E3948D12CA5149F0068F225 /* Sources */,
				3E3948D22CA5149F0068F225 /* Frameworks */,
				3E3948D32CA5149F0068F225 /* Resources */,
			);
			buildRules = (
			);
			dependencies = (
			);
			name = "EcoVis Data Collection";
			productName = "EcoVis Data Collection";
			productReference = 3E3948D52CA5149F0068F225 /* EcoVis Data Collection.app */;
			productType = "com.apple.product-type.application";
		};
		3E3948E42CA514A00068F225 /* EcoVis Data CollectionTests */ = {
			isa = PBXNativeTarget;
			buildConfigurationList = 3E3948FC2CA514A00068F225 /* Build configuration list for PBXNativeTarget "EcoVis Data CollectionTests" */;
			buildPhases = (
				3E3948E12CA514A00068F225 /* Sources */,
				3E3948E22CA514A00068F225 /* Frameworks */,
				3E3948E32CA514A00068F225 /* Resources */,
			);
			buildRules = (
			);
			dependencies = (
				3E3948E72CA514A00068F225 /* PBXTargetDependency */,
			);
			name = "EcoVis Data CollectionTests";
			productName = "EcoVis Data CollectionTests";
			productReference = 3E3948E52CA514A00068F225 /* EcoVis Data CollectionTests.xctest */;
			productType = "com.apple.product-type.bundle.unit-test";
		};
		3E3948EE2CA514A00068F225 /* EcoVis Data CollectionUITests */ = {
			isa = PBXNativeTarget;
			buildConfigurationList = 3E3948FF2CA514A00068F225 /* Build configuration list for PBXNativeTarget "EcoVis Data CollectionUITests" */;
			buildPhases = (
				3E3948EB2CA514A00068F225 /* Sources */,
				3E3948EC2CA514A00068F225 /* Frameworks */,
				3E3948ED2CA514A00068F225 /* Resources */,
			);
			buildRules = (
			);
			dependencies = (
				3E3948F12CA514A00068F225 /* PBXTargetDependency */,
			);
			name = "EcoVis Data CollectionUITests";
			productName = "EcoVis Data CollectionUITests";
			productReference = 3E3948EF2CA514A00068F225 /* EcoVis Data CollectionUITests.xctest */;
			productType = "com.apple.product-type.bundle.ui-testing";
		};
/* End PBXNativeTarget section */

/* Begin PBXProject section */
		3E3948CD2CA5149F0068F225 /* Project object */ = {
			isa = PBXProject;
			attributes = {
				BuildIndependentTargetsInParallel = 1;
				LastSwiftUpdateCheck = 1600;
				LastUpgradeCheck = 1600;
				TargetAttributes = {
					3E3948D42CA5149F0068F225 = {
						CreatedOnToolsVersion = 16.0;
					};
					3E3948E42CA514A00068F225 = {
						CreatedOnToolsVersion = 16.0;
						TestTargetID = 3E3948D42CA5149F0068F225;
					};
					3E3948EE2CA514A00068F225 = {
						CreatedOnToolsVersion = 16.0;
						TestTargetID = 3E3948D42CA5149F0068F225;
					};
				};
			};
			buildConfigurationList = 3E3948D02CA5149F0068F225 /* Build configuration list for PBXProject "EcoVis Data Collection" */;
			compatibilityVersion = "Xcode 15.0";
			developmentRegion = en;
			hasScannedForEncodings = 0;
			knownRegions = (
				en,
				Base,
			);
			mainGroup = 3E3948CC2CA5149F0068F225;
			productRefGroup = 3E3948D62CA5149F0068F225 /* Products */;
			projectDirPath = "";
			projectRoot = "";
			targets = (
				3E3948D42CA5149F0068F225 /* EcoVis Data Collection */,
				3E3948E42CA514A00068F225 /* EcoVis Data CollectionTests */,
				3E3948EE2CA514A00068F225 /* EcoVis Data CollectionUITests */,
			);
		};
/* End PBXProject section */

/* Begin PBXResourcesBuildPhase section */
		3E3948D32CA5149F0068F225 /* Resources */ = {
			isa = PBXResourcesBuildPhase;
			buildActionMask = 2147483647;
			files = (
				3E3948E02CA514A00068F225 /* Preview Assets.xcassets in Resources */,
				3E3948DD2CA514A00068F225 /* Assets.xcassets in Resources */,
			);
			runOnlyForDeploymentPostprocessing = 0;
		};
		3E3948E32CA514A00068F225 /* Resources */ = {
			isa = PBXResourcesBuildPhase;
			buildActionMask = 2147483647;
			files = (
			);
			runOnlyForDeploymentPostprocessing = 0;
		};
		3E3948ED2CA514A00068F225 /* Resources */ = {
			isa = PBXResourcesBuildPhase;
			buildActionMask = 2147483647;
			files = (
			);
			runOnlyForDeploymentPostprocessing = 0;
		};
/* End PBXResourcesBuildPhase section */

/* Begin PBXSourcesBuildPhase section */
		3E3948D12CA5149F0068F225 /* Sources */ = {
			isa = PBXSourcesBuildPhase;
			buildActionMask = 2147483647;
			files = (
				5F9AC0D72DC2196600108956 /* SavedRowObjects.swift in Sources */,
				5F9AC0D32DC20DE800108956 /* ModeSelectionView.swift in Sources */,
				3E2E51AC2CC2265600932E7B /* CameraView.swift in Sources */,
				5F99B6F82D6E506D0002B1DB /* RegionSelectorView.swift in Sources */,
				5FF242022DC767ED00835713 /* RegionEditView.swift in Sources */,
				3E2A51142CD8AA0200AD3CAF /* ImageQualityChecker.swift in Sources */,
				3E3948DB2CA5149F0068F225 /* ContentView.swift in Sources */,
				5FA324DF2D801B9800159700 /* SavedImagesView.swift in Sources */,
				3E3948D92CA5149F0068F225 /* EcoVis_Data_CollectionApp.swift in Sources */,
				565F31822D2026C100EE1718 /* ImageOverlapChecker.swift in Sources */,
				5F9AC0D52DC2195300108956 /* RowModeView.swift in Sources */,
				565F31832D2026C100EE1718 /* ImageOverlapTest.swift in Sources */,
			);
			runOnlyForDeploymentPostprocessing = 0;
		};
		3E3948E12CA514A00068F225 /* Sources */ = {
			isa = PBXSourcesBuildPhase;
			buildActionMask = 2147483647;
			files = (
				3E3948EA2CA514A00068F225 /* EcoVis_Data_CollectionTests.swift in Sources */,
			);
			runOnlyForDeploymentPostprocessing = 0;
		};
		3E3948EB2CA514A00068F225 /* Sources */ = {
			isa = PBXSourcesBuildPhase;
			buildActionMask = 2147483647;
			files = (
				3E3948F42CA514A00068F225 /* EcoVis_Data_CollectionUITests.swift in Sources */,
				3E3948F62CA514A00068F225 /* EcoVis_Data_CollectionUITestsLaunchTests.swift in Sources */,
			);
			runOnlyForDeploymentPostprocessing = 0;
		};
/* End PBXSourcesBuildPhase section */

/* Begin PBXTargetDependency section */
		3E3948E72CA514A00068F225 /* PBXTargetDependency */ = {
			isa = PBXTargetDependency;
			target = 3E3948D42CA5149F0068F225 /* EcoVis Data Collection */;
			targetProxy = 3E3948E62CA514A00068F225 /* PBXContainerItemProxy */;
		};
		3E3948F12CA514A00068F225 /* PBXTargetDependency */ = {
			isa = PBXTargetDependency;
			target = 3E3948D42CA5149F0068F225 /* EcoVis Data Collection */;
			targetProxy = 3E3948F02CA514A00068F225 /* PBXContainerItemProxy */;
		};
/* End PBXTargetDependency section */

/* Begin XCBuildConfiguration section */
		3E3948F72CA514A00068F225 /* Debug */ = {
			isa = XCBuildConfiguration;
			buildSettings = {
				ALWAYS_SEARCH_USER_PATHS = NO;
				ASSETCATALOG_COMPILER_GENERATE_SWIFT_ASSET_SYMBOL_EXTENSIONS = YES;
				CLANG_ANALYZER_NONNULL = YES;
				CLANG_ANALYZER_NUMBER_OBJECT_CONVERSION = YES_AGGRESSIVE;
				CLANG_CXX_LANGUAGE_STANDARD = "gnu++20";
				CLANG_ENABLE_MODULES = YES;
				CLANG_ENABLE_OBJC_ARC = YES;
				CLANG_ENABLE_OBJC_WEAK = YES;
				CLANG_WARN_BLOCK_CAPTURE_AUTORELEASING = YES;
				CLANG_WARN_BOOL_CONVERSION = YES;
				CLANG_WARN_COMMA = YES;
				CLANG_WARN_CONSTANT_CONVERSION = YES;
				CLANG_WARN_DEPRECATED_OBJC_IMPLEMENTATIONS = YES;
				CLANG_WARN_DIRECT_OBJC_ISA_USAGE = YES_ERROR;
				CLANG_WARN_DOCUMENTATION_COMMENTS = YES;
				CLANG_WARN_EMPTY_BODY = YES;
				CLANG_WARN_ENUM_CONVERSION = YES;
				CLANG_WARN_INFINITE_RECURSION = YES;
				CLANG_WARN_INT_CONVERSION = YES;
				CLANG_WARN_NON_LITERAL_NULL_CONVERSION = YES;
				CLANG_WARN_OBJC_IMPLICIT_RETAIN_SELF = YES;
				CLANG_WARN_OBJC_LITERAL_CONVERSION = YES;
				CLANG_WARN_OBJC_ROOT_CLASS = YES_ERROR;
				CLANG_WARN_QUOTED_INCLUDE_IN_FRAMEWORK_HEADER = YES;
				CLANG_WARN_RANGE_LOOP_ANALYSIS = YES;
				CLANG_WARN_STRICT_PROTOTYPES = YES;
				CLANG_WARN_SUSPICIOUS_MOVE = YES;
				CLANG_WARN_UNGUARDED_AVAILABILITY = YES_AGGRESSIVE;
				CLANG_WARN_UNREACHABLE_CODE = YES;
				CLANG_WARN__DUPLICATE_METHOD_MATCH = YES;
				COPY_PHASE_STRIP = NO;
				DEBUG_INFORMATION_FORMAT = dwarf;
				ENABLE_STRICT_OBJC_MSGSEND = YES;
				ENABLE_TESTABILITY = YES;
				ENABLE_USER_SCRIPT_SANDBOXING = YES;
				GCC_C_LANGUAGE_STANDARD = gnu17;
				GCC_DYNAMIC_NO_PIC = NO;
				GCC_NO_COMMON_BLOCKS = YES;
				GCC_OPTIMIZATION_LEVEL = 0;
				GCC_PREPROCESSOR_DEFINITIONS = (
					"DEBUG=1",
					"$(inherited)",
				);
				GCC_WARN_64_TO_32_BIT_CONVERSION = YES;
				GCC_WARN_ABOUT_RETURN_TYPE = YES_ERROR;
				GCC_WARN_UNDECLARED_SELECTOR = YES;
				GCC_WARN_UNINITIALIZED_AUTOS = YES_AGGRESSIVE;
				GCC_WARN_UNUSED_FUNCTION = YES;
				GCC_WARN_UNUSED_VARIABLE = YES;
				IPHONEOS_DEPLOYMENT_TARGET = 18.0;
				LOCALIZATION_PREFERS_STRING_CATALOGS = YES;
				MTL_ENABLE_DEBUG_INFO = INCLUDE_SOURCE;
				MTL_FAST_MATH = YES;
				ONLY_ACTIVE_ARCH = YES;
				SDKROOT = iphoneos;
				SWIFT_ACTIVE_COMPILATION_CONDITIONS = "DEBUG $(inherited)";
				SWIFT_OPTIMIZATION_LEVEL = "-Onone";
			};
			name = Debug;
		};
		3E3948F82CA514A00068F225 /* Release */ = {
			isa = XCBuildConfiguration;
			buildSettings = {
				ALWAYS_SEARCH_USER_PATHS = NO;
				ASSETCATALOG_COMPILER_GENERATE_SWIFT_ASSET_SYMBOL_EXTENSIONS = YES;
				CLANG_ANALYZER_NONNULL = YES;
				CLANG_ANALYZER_NUMBER_OBJECT_CONVERSION = YES_AGGRESSIVE;
				CLANG_CXX_LANGUAGE_STANDARD = "gnu++20";
				CLANG_ENABLE_MODULES = YES;
				CLANG_ENABLE_OBJC_ARC = YES;
				CLANG_ENABLE_OBJC_WEAK = YES;
				CLANG_WARN_BLOCK_CAPTURE_AUTORELEASING = YES;
				CLANG_WARN_BOOL_CONVERSION = YES;
				CLANG_WARN_COMMA = YES;
				CLANG_WARN_CONSTANT_CONVERSION = YES;
				CLANG_WARN_DEPRECATED_OBJC_IMPLEMENTATIONS = YES;
				CLANG_WARN_DIRECT_OBJC_ISA_USAGE = YES_ERROR;
				CLANG_WARN_DOCUMENTATION_COMMENTS = YES;
				CLANG_WARN_EMPTY_BODY = YES;
				CLANG_WARN_ENUM_CONVERSION = YES;
				CLANG_WARN_INFINITE_RECURSION = YES;
				CLANG_WARN_INT_CONVERSION = YES;
				CLANG_WARN_NON_LITERAL_NULL_CONVERSION = YES;
				CLANG_WARN_OBJC_IMPLICIT_RETAIN_SELF = YES;
				CLANG_WARN_OBJC_LITERAL_CONVERSION = YES;
				CLANG_WARN_OBJC_ROOT_CLASS = YES_ERROR;
				CLANG_WARN_QUOTED_INCLUDE_IN_FRAMEWORK_HEADER = YES;
				CLANG_WARN_RANGE_LOOP_ANALYSIS = YES;
				CLANG_WARN_STRICT_PROTOTYPES = YES;
				CLANG_WARN_SUSPICIOUS_MOVE = YES;
				CLANG_WARN_UNGUARDED_AVAILABILITY = YES_AGGRESSIVE;
				CLANG_WARN_UNREACHABLE_CODE = YES;
				CLANG_WARN__DUPLICATE_METHOD_MATCH = YES;
				COPY_PHASE_STRIP = NO;
				DEBUG_INFORMATION_FORMAT = "dwarf-with-dsym";
				ENABLE_NS_ASSERTIONS = NO;
				ENABLE_STRICT_OBJC_MSGSEND = YES;
				ENABLE_USER_SCRIPT_SANDBOXING = YES;
				GCC_C_LANGUAGE_STANDARD = gnu17;
				GCC_NO_COMMON_BLOCKS = YES;
				GCC_WARN_64_TO_32_BIT_CONVERSION = YES;
				GCC_WARN_ABOUT_RETURN_TYPE = YES_ERROR;
				GCC_WARN_UNDECLARED_SELECTOR = YES;
				GCC_WARN_UNINITIALIZED_AUTOS = YES_AGGRESSIVE;
				GCC_WARN_UNUSED_FUNCTION = YES;
				GCC_WARN_UNUSED_VARIABLE = YES;
				IPHONEOS_DEPLOYMENT_TARGET = 18.0;
				LOCALIZATION_PREFERS_STRING_CATALOGS = YES;
				MTL_ENABLE_DEBUG_INFO = NO;
				MTL_FAST_MATH = YES;
				SDKROOT = iphoneos;
				SWIFT_COMPILATION_MODE = wholemodule;
				VALIDATE_PRODUCT = YES;
			};
			name = Release;
		};
		3E3948FA2CA514A00068F225 /* Debug */ = {
			isa = XCBuildConfiguration;
			buildSettings = {
				ASSETCATALOG_COMPILER_APPICON_NAME = AppIcon;
				ASSETCATALOG_COMPILER_GLOBAL_ACCENT_COLOR_NAME = AccentColor;
				CODE_SIGN_STYLE = Automatic;
				CURRENT_PROJECT_VERSION = 1;
				DEVELOPMENT_ASSET_PATHS = "\"EcoVis Data Collection/Preview Content\"";
				DEVELOPMENT_TEAM = 54P48ST2S6;
				ENABLE_PREVIEWS = YES;
				GENERATE_INFOPLIST_FILE = YES;
				INFOPLIST_FILE = "EcoVis-Data-Collection-Info.plist";
				INFOPLIST_KEY_NSCameraUsageDescription = "This app requires access to the camera";
				INFOPLIST_KEY_NSPhotoLibraryAddUsageDescription = "This app requires access to your photo library";
				INFOPLIST_KEY_UIApplicationSceneManifest_Generation = YES;
				INFOPLIST_KEY_UIApplicationSupportsIndirectInputEvents = YES;
				INFOPLIST_KEY_UILaunchScreen_Generation = YES;
				INFOPLIST_KEY_UISupportedInterfaceOrientations_iPad = "UIInterfaceOrientationPortrait UIInterfaceOrientationPortraitUpsideDown UIInterfaceOrientationLandscapeLeft UIInterfaceOrientationLandscapeRight";
				INFOPLIST_KEY_UISupportedInterfaceOrientations_iPhone = "UIInterfaceOrientationPortrait UIInterfaceOrientationLandscapeLeft UIInterfaceOrientationLandscapeRight";
				IPHONEOS_DEPLOYMENT_TARGET = 17.0;
				LD_RUNPATH_SEARCH_PATHS = (
					"$(inherited)",
					"@executable_path/Frameworks",
				);
				MARKETING_VERSION = 1.0;
				PRODUCT_BUNDLE_IDENTIFIER = "EcoVis.EcoVis-Data-Collection";
				PRODUCT_NAME = "$(TARGET_NAME)";
				SWIFT_EMIT_LOC_STRINGS = YES;
				SWIFT_VERSION = 5.0;
				TARGETED_DEVICE_FAMILY = "1,2";
			};
			name = Debug;
		};
		3E3948FB2CA514A00068F225 /* Release */ = {
			isa = XCBuildConfiguration;
			buildSettings = {
				ASSETCATALOG_COMPILER_APPICON_NAME = AppIcon;
				ASSETCATALOG_COMPILER_GLOBAL_ACCENT_COLOR_NAME = AccentColor;
				CODE_SIGN_STYLE = Automatic;
				CURRENT_PROJECT_VERSION = 1;
				DEVELOPMENT_ASSET_PATHS = "\"EcoVis Data Collection/Preview Content\"";
				DEVELOPMENT_TEAM = 54P48ST2S6;
				ENABLE_PREVIEWS = YES;
				GENERATE_INFOPLIST_FILE = YES;
				INFOPLIST_FILE = "EcoVis-Data-Collection-Info.plist";
				INFOPLIST_KEY_NSCameraUsageDescription = "This app requires access to the camera";
				INFOPLIST_KEY_NSPhotoLibraryAddUsageDescription = "This app requires access to your photo library";
				INFOPLIST_KEY_UIApplicationSceneManifest_Generation = YES;
				INFOPLIST_KEY_UIApplicationSupportsIndirectInputEvents = YES;
				INFOPLIST_KEY_UILaunchScreen_Generation = YES;
				INFOPLIST_KEY_UISupportedInterfaceOrientations_iPad = "UIInterfaceOrientationPortrait UIInterfaceOrientationPortraitUpsideDown UIInterfaceOrientationLandscapeLeft UIInterfaceOrientationLandscapeRight";
				INFOPLIST_KEY_UISupportedInterfaceOrientations_iPhone = "UIInterfaceOrientationPortrait UIInterfaceOrientationLandscapeLeft UIInterfaceOrientationLandscapeRight";
				IPHONEOS_DEPLOYMENT_TARGET = 17.0;
				LD_RUNPATH_SEARCH_PATHS = (
					"$(inherited)",
					"@executable_path/Frameworks",
				);
				MARKETING_VERSION = 1.0;
				PRODUCT_BUNDLE_IDENTIFIER = "EcoVis.EcoVis-Data-Collection";
				PRODUCT_NAME = "$(TARGET_NAME)";
				SWIFT_EMIT_LOC_STRINGS = YES;
				SWIFT_VERSION = 5.0;
				TARGETED_DEVICE_FAMILY = "1,2";
			};
			name = Release;
		};
		3E3948FD2CA514A00068F225 /* Debug */ = {
			isa = XCBuildConfiguration;
			buildSettings = {
				BUNDLE_LOADER = "$(TEST_HOST)";
				CODE_SIGN_STYLE = Automatic;
				CURRENT_PROJECT_VERSION = 1;
				GENERATE_INFOPLIST_FILE = YES;
				INFOPLIST_KEY_NSCameraUsageDescription = "This app requires access to the camera";
				IPHONEOS_DEPLOYMENT_TARGET = 18.0;
				MARKETING_VERSION = 1.0;
				PRODUCT_BUNDLE_IDENTIFIER = "EcoVis.EcoVis-Data-CollectionTests";
				PRODUCT_NAME = "$(TARGET_NAME)";
				SWIFT_EMIT_LOC_STRINGS = NO;
				SWIFT_VERSION = 5.0;
				TARGETED_DEVICE_FAMILY = "1,2";
				TEST_HOST = "$(BUILT_PRODUCTS_DIR)/EcoVis Data Collection.app/$(BUNDLE_EXECUTABLE_FOLDER_PATH)/EcoVis Data Collection";
			};
			name = Debug;
		};
		3E3948FE2CA514A00068F225 /* Release */ = {
			isa = XCBuildConfiguration;
			buildSettings = {
				BUNDLE_LOADER = "$(TEST_HOST)";
				CODE_SIGN_STYLE = Automatic;
				CURRENT_PROJECT_VERSION = 1;
				GENERATE_INFOPLIST_FILE = YES;
				INFOPLIST_KEY_NSCameraUsageDescription = "This app requires access to the camera";
				IPHONEOS_DEPLOYMENT_TARGET = 18.0;
				MARKETING_VERSION = 1.0;
				PRODUCT_BUNDLE_IDENTIFIER = "EcoVis.EcoVis-Data-CollectionTests";
				PRODUCT_NAME = "$(TARGET_NAME)";
				SWIFT_EMIT_LOC_STRINGS = NO;
				SWIFT_VERSION = 5.0;
				TARGETED_DEVICE_FAMILY = "1,2";
				TEST_HOST = "$(BUILT_PRODUCTS_DIR)/EcoVis Data Collection.app/$(BUNDLE_EXECUTABLE_FOLDER_PATH)/EcoVis Data Collection";
			};
			name = Release;
		};
		3E3949002CA514A00068F225 /* Debug */ = {
			isa = XCBuildConfiguration;
			buildSettings = {
				CODE_SIGN_STYLE = Automatic;
				CURRENT_PROJECT_VERSION = 1;
				GENERATE_INFOPLIST_FILE = YES;
				INFOPLIST_KEY_NSCameraUsageDescription = "This app requires access to the camera";
				MARKETING_VERSION = 1.0;
				PRODUCT_BUNDLE_IDENTIFIER = "EcoVis.EcoVis-Data-CollectionUITests";
				PRODUCT_NAME = "$(TARGET_NAME)";
				SWIFT_EMIT_LOC_STRINGS = NO;
				SWIFT_VERSION = 5.0;
				TARGETED_DEVICE_FAMILY = "1,2";
				TEST_TARGET_NAME = "EcoVis Data Collection";
			};
			name = Debug;
		};
		3E3949012CA514A00068F225 /* Release */ = {
			isa = XCBuildConfiguration;
			buildSettings = {
				CODE_SIGN_STYLE = Automatic;
				CURRENT_PROJECT_VERSION = 1;
				GENERATE_INFOPLIST_FILE = YES;
				INFOPLIST_KEY_NSCameraUsageDescription = "This app requires access to the camera";
				MARKETING_VERSION = 1.0;
				PRODUCT_BUNDLE_IDENTIFIER = "EcoVis.EcoVis-Data-CollectionUITests";
				PRODUCT_NAME = "$(TARGET_NAME)";
				SWIFT_EMIT_LOC_STRINGS = NO;
				SWIFT_VERSION = 5.0;
				TARGETED_DEVICE_FAMILY = "1,2";
				TEST_TARGET_NAME = "EcoVis Data Collection";
			};
			name = Release;
		};
/* End XCBuildConfiguration section */

/* Begin XCConfigurationList section */
		3E3948D02CA5149F0068F225 /* Build configuration list for PBXProject "EcoVis Data Collection" */ = {
			isa = XCConfigurationList;
			buildConfigurations = (
				3E3948F72CA514A00068F225 /* Debug */,
				3E3948F82CA514A00068F225 /* Release */,
			);
			defaultConfigurationIsVisible = 0;
			defaultConfigurationName = Release;
		};
		3E3948F92CA514A00068F225 /* Build configuration list for PBXNativeTarget "EcoVis Data Collection" */ = {
			isa = XCConfigurationList;
			buildConfigurations = (
				3E3948FA2CA514A00068F225 /* Debug */,
				3E3948FB2CA514A00068F225 /* Release */,
			);
			defaultConfigurationIsVisible = 0;
			defaultConfigurationName = Release;
		};
		3E3948FC2CA514A00068F225 /* Build configuration list for PBXNativeTarget "EcoVis Data CollectionTests" */ = {
			isa = XCConfigurationList;
			buildConfigurations = (
				3E3948FD2CA514A00068F225 /* Debug */,
				3E3948FE2CA514A00068F225 /* Release */,
			);
			defaultConfigurationIsVisible = 0;
			defaultConfigurationName = Release;
		};
		3E3948FF2CA514A00068F225 /* Build configuration list for PBXNativeTarget "EcoVis Data CollectionUITests" */ = {
			isa = XCConfigurationList;
			buildConfigurations = (
				3E3949002CA514A00068F225 /* Debug */,
				3E3949012CA514A00068F225 /* Release */,
			);
			defaultConfigurationIsVisible = 0;
			defaultConfigurationName = Release;
		};
/* End XCConfigurationList section */
	};
	rootObject = 3E3948CD2CA5149F0068F225 /* Project object */;
}
